
Microsoft Visual Studio Solution File, Format Version 12.00
# Visual Studio Version 17
VisualStudioVersion = 17.1.32328.378
MinimumVisualStudioVersion = 10.0.40219.1
Project("{FAE04EC0-301F-11D3-BF4B-00C04F79EFBC}") = "JobOfficeTest", "JobOfficeTest.csproj", "{70271033-7759-4405-8D1A-7DD47948BD8D}"
EndProject
Global
	GlobalSection(SolutionConfigurationPlatforms) = preSolution
		Debug|Any CPU = Debug|Any CPU
		Release|Any CPU = Release|Any CPU
	EndGlobalSection
	GlobalSection(ProjectConfigurationPlatforms) = postSolution
		{70271033-7759-4405-8D1A-7DD47948BD8D}.Debug|Any CPU.ActiveCfg = Debug|Any CPU
		{70271033-7759-4405-8D1A-7DD47948BD8D}.Debug|Any CPU.Build.0 = Debug|Any CPU
		{70271033-7759-4405-8D1A-7DD47948BD8D}.Release|Any CPU.ActiveCfg = Release|Any CPU
		{70271033-7759-4405-8D1A-7DD47948BD8D}.Release|Any CPU.Build.0 = Release|Any CPU
	EndGlobalSection
	GlobalSection(SolutionProperties) = preSolution
		HideSolutionNode = FALSE
	EndGlobalSection
	GlobalSection(ExtensibilityGlobals) = postSolution
		SolutionGuid = {61B2599F-5BF9-49C9-A2F7-BF2F55F50BA9}
	EndGlobalSection
EndGlobal
